
Microsoft Visual Studio Solution File, Format Version 12.00
# Visual Studio Version 17
VisualStudioVersion = 17.0.31919.166
MinimumVisualStudioVersion = 10.0.40219.1
Project("{9A19103F-16F7-4668-BE54-9A1E7A4F7556}") = "GeneratorPrototype", "GeneratorPrototype\GeneratorPrototype.csproj", "{A6BF5E84-D2E3-4A56-B543-5F754F582A62}"
EndProject
Project("{9A19103F-16F7-4668-BE54-9A1E7A4F7556}") = "GameEngine", "Engine\GameEngine.csproj", "{4E44CA06-D3A1-4449-94F6-7AC2B97E1603}"
EndProject
Project("{9A19103F-16F7-4668-BE54-9A1E7A4F7556}") = "UnitTests", "UnitTests\UnitTests.csproj", "{F90963F3-165A-46DF-871E-0C5E0967C597}"
EndProject
Project("{2150E333-8FDC-42A3-9474-1A3956D46DE8}") = "Demos", "Demos", "{6AB14D0D-085C-43C9-BFBB-5B89862E0A63}"
EndProject
Project("{9A19103F-16F7-4668-BE54-9A1E7A4F7556}") = "DrawDifferentFiguresDemo", "DrawDifferentFiguresDemo\DrawDifferentFiguresDemo.csproj", "{2797B8F9-566B-4028-AC7D-F9B60A6DDBFC}"
EndProject
Project("{9A19103F-16F7-4668-BE54-9A1E7A4F7556}") = "DifferentLayersDemo", "DifferentLayersDemo\DifferentLayersDemo.csproj", "{99DE13C7-B961-43D7-925A-8419662B0168}"
EndProject
Project("{FAE04EC0-301F-11D3-BF4B-00C04F79EFBC}") = "RelationshipDemo", "RelationshipDemo\RelationshipDemo.csproj", "{38C83E38-9CFB-4E1D-AC1E-9282CF5B4AF3}"
EndProject
Global
	GlobalSection(SolutionConfigurationPlatforms) = preSolution
		Debug|Any CPU = Debug|Any CPU
		Release|Any CPU = Release|Any CPU
	EndGlobalSection
	GlobalSection(ProjectConfigurationPlatforms) = postSolution
		{A6BF5E84-D2E3-4A56-B543-5F754F582A62}.Debug|Any CPU.ActiveCfg = Debug|Any CPU
		{A6BF5E84-D2E3-4A56-B543-5F754F582A62}.Debug|Any CPU.Build.0 = Debug|Any CPU
		{A6BF5E84-D2E3-4A56-B543-5F754F582A62}.Release|Any CPU.ActiveCfg = Release|Any CPU
		{A6BF5E84-D2E3-4A56-B543-5F754F582A62}.Release|Any CPU.Build.0 = Release|Any CPU
		{4E44CA06-D3A1-4449-94F6-7AC2B97E1603}.Debug|Any CPU.ActiveCfg = Debug|Any CPU
		{4E44CA06-D3A1-4449-94F6-7AC2B97E1603}.Debug|Any CPU.Build.0 = Debug|Any CPU
		{4E44CA06-D3A1-4449-94F6-7AC2B97E1603}.Release|Any CPU.ActiveCfg = Release|Any CPU
		{4E44CA06-D3A1-4449-94F6-7AC2B97E1603}.Release|Any CPU.Build.0 = Release|Any CPU
		{F90963F3-165A-46DF-871E-0C5E0967C597}.Debug|Any CPU.ActiveCfg = Debug|Any CPU
		{F90963F3-165A-46DF-871E-0C5E0967C597}.Debug|Any CPU.Build.0 = Debug|Any CPU
		{F90963F3-165A-46DF-871E-0C5E0967C597}.Release|Any CPU.ActiveCfg = Release|Any CPU
		{F90963F3-165A-46DF-871E-0C5E0967C597}.Release|Any CPU.Build.0 = Release|Any CPU
		{2797B8F9-566B-4028-AC7D-F9B60A6DDBFC}.Debug|Any CPU.ActiveCfg = Debug|Any CPU
		{2797B8F9-566B-4028-AC7D-F9B60A6DDBFC}.Debug|Any CPU.Build.0 = Debug|Any CPU
		{2797B8F9-566B-4028-AC7D-F9B60A6DDBFC}.Release|Any CPU.ActiveCfg = Release|Any CPU
		{2797B8F9-566B-4028-AC7D-F9B60A6DDBFC}.Release|Any CPU.Build.0 = Release|Any CPU
		{99DE13C7-B961-43D7-925A-8419662B0168}.Debug|Any CPU.ActiveCfg = Debug|Any CPU
		{99DE13C7-B961-43D7-925A-8419662B0168}.Debug|Any CPU.Build.0 = Debug|Any CPU
		{99DE13C7-B961-43D7-925A-8419662B0168}.Release|Any CPU.ActiveCfg = Release|Any CPU
		{99DE13C7-B961-43D7-925A-8419662B0168}.Release|Any CPU.Build.0 = Release|Any CPU
		{38C83E38-9CFB-4E1D-AC1E-9282CF5B4AF3}.Debug|Any CPU.ActiveCfg = Debug|Any CPU
		{38C83E38-9CFB-4E1D-AC1E-9282CF5B4AF3}.Debug|Any CPU.Build.0 = Debug|Any CPU
		{38C83E38-9CFB-4E1D-AC1E-9282CF5B4AF3}.Release|Any CPU.ActiveCfg = Release|Any CPU
		{38C83E38-9CFB-4E1D-AC1E-9282CF5B4AF3}.Release|Any CPU.Build.0 = Release|Any CPU
	EndGlobalSection
	GlobalSection(SolutionProperties) = preSolution
		HideSolutionNode = FALSE
	EndGlobalSection
	GlobalSection(NestedProjects) = preSolution
		{2797B8F9-566B-4028-AC7D-F9B60A6DDBFC} = {6AB14D0D-085C-43C9-BFBB-5B89862E0A63}
		{99DE13C7-B961-43D7-925A-8419662B0168} = {6AB14D0D-085C-43C9-BFBB-5B89862E0A63}
		{38C83E38-9CFB-4E1D-AC1E-9282CF5B4AF3} = {6AB14D0D-085C-43C9-BFBB-5B89862E0A63}
	EndGlobalSection
	GlobalSection(ExtensibilityGlobals) = postSolution
		SolutionGuid = {2E8EA375-1FF9-420C-A6AC-CBB14D5C3F00}
	EndGlobalSection
EndGlobal
