
Microsoft Visual Studio Solution File, Format Version 12.00
# Visual Studio Version 17
VisualStudioVersion = 17.0.31919.166
MinimumVisualStudioVersion = 10.0.40219.1
Project("{9A19103F-16F7-4668-BE54-9A1E7A4F7556}") = "GameEngine", "Engine\GameEngine.csproj", "{4E44CA06-D3A1-4449-94F6-7AC2B97E1603}"
EndProject
Project("{9A19103F-16F7-4668-BE54-9A1E7A4F7556}") = "UnitTests", "UnitTests\UnitTests.csproj", "{F90963F3-165A-46DF-871E-0C5E0967C597}"
EndProject
Project("{2150E333-8FDC-42A3-9474-1A3956D46DE8}") = "Demos", "Demos", "{6AB14D0D-085C-43C9-BFBB-5B89862E0A63}"
EndProject
Project("{9A19103F-16F7-4668-BE54-9A1E7A4F7556}") = "DrawDifferentFiguresDemo", "DrawDifferentFiguresDemo\DrawDifferentFiguresDemo.csproj", "{2797B8F9-566B-4028-AC7D-F9B60A6DDBFC}"
EndProject
Project("{9A19103F-16F7-4668-BE54-9A1E7A4F7556}") = "DifferentLayersDemo", "DifferentLayersDemo\DifferentLayersDemo.csproj", "{99DE13C7-B961-43D7-925A-8419662B0168}"
EndProject
Project("{9A19103F-16F7-4668-BE54-9A1E7A4F7556}") = "RelationshipDemo", "RelationshipDemo\RelationshipDemo.csproj", "{38C83E38-9CFB-4E1D-AC1E-9282CF5B4AF3}"
EndProject
Project("{9A19103F-16F7-4668-BE54-9A1E7A4F7556}") = "RoadNetworkGenerator", "RoadNetworkGenerator\RoadNetworkGenerator.csproj", "{89F1C609-EEAE-4B21-813A-2835442A9886}"
EndProject
Project("{9A19103F-16F7-4668-BE54-9A1E7A4F7556}") = "RoadGenerationDemo", "RoadGenerationDemo\RoadGenerationDemo.csproj", "{CC27E08E-F3DD-47C2-A524-8E0C50AA89BE}"
EndProject
Project("{9A19103F-16F7-4668-BE54-9A1E7A4F7556}") = "BuildingFoundamentDemo", "BuildingFoundamentDemo\BuildingFoundamentDemo.csproj", "{945D78E4-73E7-48B8-9086-2B682C35085C}"
EndProject
Project("{9A19103F-16F7-4668-BE54-9A1E7A4F7556}") = "Net", "Graph\Net.csproj", "{6DD182B4-C0C1-4556-B1FF-41037E4314A1}"
EndProject
Project("{9A19103F-16F7-4668-BE54-9A1E7A4F7556}") = "Scene3DDemo", "Scene3DDemo\Scene3DDemo.csproj", "{86536C8B-393C-4570-8471-C786D0690655}"
EndProject
Project("{9A19103F-16F7-4668-BE54-9A1E7A4F7556}") = "PipesDemo", "PipesDemo\PipesDemo.csproj", "{AAEA0CF3-87E5-443A-AF89-88EE9B0215FB}"
EndProject
Project("{9A19103F-16F7-4668-BE54-9A1E7A4F7556}") = "SplineDemo", "SplineDemo\SplineDemo.csproj", "{D334B6BB-C928-49A2-A665-411DC2BD7C69}"
EndProject
Project("{9A19103F-16F7-4668-BE54-9A1E7A4F7556}") = "Pipes", "Pipes\Pipes.csproj", "{B1ACCCF0-5CC6-4FD3-AF06-1AB8A7F880B3}"
EndProject
Project("{9A19103F-16F7-4668-BE54-9A1E7A4F7556}") = "HeatFieldDemo", "HeatFieldDemo\HeatFieldDemo.csproj", "{D0784D3B-9A78-496E-B6C4-7CFF87BA7CD7}"
EndProject
Project("{2150E333-8FDC-42A3-9474-1A3956D46DE8}") = "EngineAbilities", "EngineAbilities", "{A2DE3033-A0F1-412B-9FF0-C150EF90C2B0}"
EndProject
Project("{2150E333-8FDC-42A3-9474-1A3956D46DE8}") = "Pipes", "Pipes", "{E5F69D32-49F9-407F-84CF-CAB8B0B5719E}"
EndProject
Project("{2150E333-8FDC-42A3-9474-1A3956D46DE8}") = "Roads", "Roads", "{59F1BDF9-2FFB-4EDB-8757-0B82B7E15074}"
EndProject
Project("{2150E333-8FDC-42A3-9474-1A3956D46DE8}") = "Texture", "Texture", "{C28E6FD7-5869-4AEC-BCBE-88CC12BC7212}"
EndProject
Project("{9A19103F-16F7-4668-BE54-9A1E7A4F7556}") = "TextureDemo", "TextureDemo\TextureDemo.csproj", "{2A23D386-29B9-4BC1-947B-1F7AFB9E8D72}"
EndProject
Project("{9A19103F-16F7-4668-BE54-9A1E7A4F7556}") = "GridDemo", "GridDemo\GridDemo.csproj", "{9246BD60-2D07-4166-ABD9-C7A09C98D937}"
EndProject
Project("{9A19103F-16F7-4668-BE54-9A1E7A4F7556}") = "FacesDemo", "FacesDemo\FacesDemo.csproj", "{1450E0D0-530B-4AFF-9FE9-BB630AB755D8}"
EndProject
Project("{9A19103F-16F7-4668-BE54-9A1E7A4F7556}") = "PixelDemo", "PixelDemo\PixelDemo.csproj", "{7E331202-37D5-41FC-9311-B5FB70A7624F}"
EndProject
Project("{9A19103F-16F7-4668-BE54-9A1E7A4F7556}") = "MeshTopology", "MeshTopology\MeshTopology.csproj", "{79894482-25B0-4EDB-AF29-190ED0EB5FA6}"
EndProject
Project("{9A19103F-16F7-4668-BE54-9A1E7A4F7556}") = "MeshVisualization", "MeshVisualization\MeshVisualization.csproj", "{D34C5950-F49F-46E4-9208-CE944387A69C}"
EndProject
Project("{9A19103F-16F7-4668-BE54-9A1E7A4F7556}") = "TextureUtils", "TextureUtils\TextureUtils.csproj", "{D93F083B-1F4E-4043-A9A6-C0C760AF7844}"
EndProject
Project("{9A19103F-16F7-4668-BE54-9A1E7A4F7556}") = "PatternDemo", "PatternDemo\PatternDemo.csproj", "{4E8D0DEF-B8FC-4BF5-86A2-F3B840C67447}"
EndProject
Project("{9A19103F-16F7-4668-BE54-9A1E7A4F7556}") = "ExtractSurfaces", "TriangulatedTopology\ExtractSurfaces.csproj", "{8F130F5D-A4A6-427A-B426-C706EE03870A}"
EndProject
Project("{FAE04EC0-301F-11D3-BF4B-00C04F79EFBC}") = "TriangulatedTopology", "TriangulatedTopology\TriangulatedTopology.csproj", "{C13AE4CE-157D-44C6-A5DF-B970955ADFEA}"
EndProject
Global
	GlobalSection(SolutionConfigurationPlatforms) = preSolution
		Debug|Any CPU = Debug|Any CPU
		Release|Any CPU = Release|Any CPU
	EndGlobalSection
	GlobalSection(ProjectConfigurationPlatforms) = postSolution
		{4E44CA06-D3A1-4449-94F6-7AC2B97E1603}.Debug|Any CPU.ActiveCfg = Debug|Any CPU
		{4E44CA06-D3A1-4449-94F6-7AC2B97E1603}.Debug|Any CPU.Build.0 = Debug|Any CPU
		{4E44CA06-D3A1-4449-94F6-7AC2B97E1603}.Release|Any CPU.ActiveCfg = Release|Any CPU
		{4E44CA06-D3A1-4449-94F6-7AC2B97E1603}.Release|Any CPU.Build.0 = Release|Any CPU
		{F90963F3-165A-46DF-871E-0C5E0967C597}.Debug|Any CPU.ActiveCfg = Debug|Any CPU
		{F90963F3-165A-46DF-871E-0C5E0967C597}.Debug|Any CPU.Build.0 = Debug|Any CPU
		{F90963F3-165A-46DF-871E-0C5E0967C597}.Release|Any CPU.ActiveCfg = Release|Any CPU
		{F90963F3-165A-46DF-871E-0C5E0967C597}.Release|Any CPU.Build.0 = Release|Any CPU
		{2797B8F9-566B-4028-AC7D-F9B60A6DDBFC}.Debug|Any CPU.ActiveCfg = Debug|Any CPU
		{2797B8F9-566B-4028-AC7D-F9B60A6DDBFC}.Debug|Any CPU.Build.0 = Debug|Any CPU
		{2797B8F9-566B-4028-AC7D-F9B60A6DDBFC}.Release|Any CPU.ActiveCfg = Release|Any CPU
		{2797B8F9-566B-4028-AC7D-F9B60A6DDBFC}.Release|Any CPU.Build.0 = Release|Any CPU
		{99DE13C7-B961-43D7-925A-8419662B0168}.Debug|Any CPU.ActiveCfg = Debug|Any CPU
		{99DE13C7-B961-43D7-925A-8419662B0168}.Debug|Any CPU.Build.0 = Debug|Any CPU
		{99DE13C7-B961-43D7-925A-8419662B0168}.Release|Any CPU.ActiveCfg = Release|Any CPU
		{99DE13C7-B961-43D7-925A-8419662B0168}.Release|Any CPU.Build.0 = Release|Any CPU
		{38C83E38-9CFB-4E1D-AC1E-9282CF5B4AF3}.Debug|Any CPU.ActiveCfg = Debug|Any CPU
		{38C83E38-9CFB-4E1D-AC1E-9282CF5B4AF3}.Debug|Any CPU.Build.0 = Debug|Any CPU
		{38C83E38-9CFB-4E1D-AC1E-9282CF5B4AF3}.Release|Any CPU.ActiveCfg = Release|Any CPU
		{38C83E38-9CFB-4E1D-AC1E-9282CF5B4AF3}.Release|Any CPU.Build.0 = Release|Any CPU
		{89F1C609-EEAE-4B21-813A-2835442A9886}.Debug|Any CPU.ActiveCfg = Debug|Any CPU
		{89F1C609-EEAE-4B21-813A-2835442A9886}.Debug|Any CPU.Build.0 = Debug|Any CPU
		{89F1C609-EEAE-4B21-813A-2835442A9886}.Release|Any CPU.ActiveCfg = Release|Any CPU
		{89F1C609-EEAE-4B21-813A-2835442A9886}.Release|Any CPU.Build.0 = Release|Any CPU
		{CC27E08E-F3DD-47C2-A524-8E0C50AA89BE}.Debug|Any CPU.ActiveCfg = Debug|Any CPU
		{CC27E08E-F3DD-47C2-A524-8E0C50AA89BE}.Debug|Any CPU.Build.0 = Debug|Any CPU
		{CC27E08E-F3DD-47C2-A524-8E0C50AA89BE}.Release|Any CPU.ActiveCfg = Release|Any CPU
		{CC27E08E-F3DD-47C2-A524-8E0C50AA89BE}.Release|Any CPU.Build.0 = Release|Any CPU
		{945D78E4-73E7-48B8-9086-2B682C35085C}.Debug|Any CPU.ActiveCfg = Debug|Any CPU
		{945D78E4-73E7-48B8-9086-2B682C35085C}.Debug|Any CPU.Build.0 = Debug|Any CPU
		{945D78E4-73E7-48B8-9086-2B682C35085C}.Release|Any CPU.ActiveCfg = Release|Any CPU
		{945D78E4-73E7-48B8-9086-2B682C35085C}.Release|Any CPU.Build.0 = Release|Any CPU
		{6DD182B4-C0C1-4556-B1FF-41037E4314A1}.Debug|Any CPU.ActiveCfg = Debug|Any CPU
		{6DD182B4-C0C1-4556-B1FF-41037E4314A1}.Debug|Any CPU.Build.0 = Debug|Any CPU
		{6DD182B4-C0C1-4556-B1FF-41037E4314A1}.Release|Any CPU.ActiveCfg = Release|Any CPU
		{6DD182B4-C0C1-4556-B1FF-41037E4314A1}.Release|Any CPU.Build.0 = Release|Any CPU
		{86536C8B-393C-4570-8471-C786D0690655}.Debug|Any CPU.ActiveCfg = Debug|Any CPU
		{86536C8B-393C-4570-8471-C786D0690655}.Debug|Any CPU.Build.0 = Debug|Any CPU
		{86536C8B-393C-4570-8471-C786D0690655}.Release|Any CPU.ActiveCfg = Release|Any CPU
		{86536C8B-393C-4570-8471-C786D0690655}.Release|Any CPU.Build.0 = Release|Any CPU
		{AAEA0CF3-87E5-443A-AF89-88EE9B0215FB}.Debug|Any CPU.ActiveCfg = Debug|Any CPU
		{AAEA0CF3-87E5-443A-AF89-88EE9B0215FB}.Debug|Any CPU.Build.0 = Debug|Any CPU
		{AAEA0CF3-87E5-443A-AF89-88EE9B0215FB}.Release|Any CPU.ActiveCfg = Release|Any CPU
		{AAEA0CF3-87E5-443A-AF89-88EE9B0215FB}.Release|Any CPU.Build.0 = Release|Any CPU
		{D334B6BB-C928-49A2-A665-411DC2BD7C69}.Debug|Any CPU.ActiveCfg = Debug|Any CPU
		{D334B6BB-C928-49A2-A665-411DC2BD7C69}.Debug|Any CPU.Build.0 = Debug|Any CPU
		{D334B6BB-C928-49A2-A665-411DC2BD7C69}.Release|Any CPU.ActiveCfg = Release|Any CPU
		{D334B6BB-C928-49A2-A665-411DC2BD7C69}.Release|Any CPU.Build.0 = Release|Any CPU
		{B1ACCCF0-5CC6-4FD3-AF06-1AB8A7F880B3}.Debug|Any CPU.ActiveCfg = Debug|Any CPU
		{B1ACCCF0-5CC6-4FD3-AF06-1AB8A7F880B3}.Debug|Any CPU.Build.0 = Debug|Any CPU
		{B1ACCCF0-5CC6-4FD3-AF06-1AB8A7F880B3}.Release|Any CPU.ActiveCfg = Release|Any CPU
		{B1ACCCF0-5CC6-4FD3-AF06-1AB8A7F880B3}.Release|Any CPU.Build.0 = Release|Any CPU
		{D0784D3B-9A78-496E-B6C4-7CFF87BA7CD7}.Debug|Any CPU.ActiveCfg = Debug|Any CPU
		{D0784D3B-9A78-496E-B6C4-7CFF87BA7CD7}.Debug|Any CPU.Build.0 = Debug|Any CPU
		{D0784D3B-9A78-496E-B6C4-7CFF87BA7CD7}.Release|Any CPU.ActiveCfg = Release|Any CPU
		{D0784D3B-9A78-496E-B6C4-7CFF87BA7CD7}.Release|Any CPU.Build.0 = Release|Any CPU
		{2A23D386-29B9-4BC1-947B-1F7AFB9E8D72}.Debug|Any CPU.ActiveCfg = Debug|Any CPU
		{2A23D386-29B9-4BC1-947B-1F7AFB9E8D72}.Debug|Any CPU.Build.0 = Debug|Any CPU
		{2A23D386-29B9-4BC1-947B-1F7AFB9E8D72}.Release|Any CPU.ActiveCfg = Release|Any CPU
		{2A23D386-29B9-4BC1-947B-1F7AFB9E8D72}.Release|Any CPU.Build.0 = Release|Any CPU
		{9246BD60-2D07-4166-ABD9-C7A09C98D937}.Debug|Any CPU.ActiveCfg = Debug|Any CPU
		{9246BD60-2D07-4166-ABD9-C7A09C98D937}.Debug|Any CPU.Build.0 = Debug|Any CPU
		{9246BD60-2D07-4166-ABD9-C7A09C98D937}.Release|Any CPU.ActiveCfg = Release|Any CPU
		{9246BD60-2D07-4166-ABD9-C7A09C98D937}.Release|Any CPU.Build.0 = Release|Any CPU
		{1450E0D0-530B-4AFF-9FE9-BB630AB755D8}.Debug|Any CPU.ActiveCfg = Debug|Any CPU
		{1450E0D0-530B-4AFF-9FE9-BB630AB755D8}.Debug|Any CPU.Build.0 = Debug|Any CPU
		{1450E0D0-530B-4AFF-9FE9-BB630AB755D8}.Release|Any CPU.ActiveCfg = Release|Any CPU
		{1450E0D0-530B-4AFF-9FE9-BB630AB755D8}.Release|Any CPU.Build.0 = Release|Any CPU
		{7E331202-37D5-41FC-9311-B5FB70A7624F}.Debug|Any CPU.ActiveCfg = Debug|Any CPU
		{7E331202-37D5-41FC-9311-B5FB70A7624F}.Debug|Any CPU.Build.0 = Debug|Any CPU
		{7E331202-37D5-41FC-9311-B5FB70A7624F}.Release|Any CPU.ActiveCfg = Release|Any CPU
		{7E331202-37D5-41FC-9311-B5FB70A7624F}.Release|Any CPU.Build.0 = Release|Any CPU
		{79894482-25B0-4EDB-AF29-190ED0EB5FA6}.Debug|Any CPU.ActiveCfg = Debug|Any CPU
		{79894482-25B0-4EDB-AF29-190ED0EB5FA6}.Debug|Any CPU.Build.0 = Debug|Any CPU
		{79894482-25B0-4EDB-AF29-190ED0EB5FA6}.Release|Any CPU.ActiveCfg = Release|Any CPU
		{79894482-25B0-4EDB-AF29-190ED0EB5FA6}.Release|Any CPU.Build.0 = Release|Any CPU
		{D34C5950-F49F-46E4-9208-CE944387A69C}.Debug|Any CPU.ActiveCfg = Debug|Any CPU
		{D34C5950-F49F-46E4-9208-CE944387A69C}.Debug|Any CPU.Build.0 = Debug|Any CPU
		{D34C5950-F49F-46E4-9208-CE944387A69C}.Release|Any CPU.ActiveCfg = Release|Any CPU
		{D34C5950-F49F-46E4-9208-CE944387A69C}.Release|Any CPU.Build.0 = Release|Any CPU
		{D93F083B-1F4E-4043-A9A6-C0C760AF7844}.Debug|Any CPU.ActiveCfg = Debug|Any CPU
		{D93F083B-1F4E-4043-A9A6-C0C760AF7844}.Debug|Any CPU.Build.0 = Debug|Any CPU
		{D93F083B-1F4E-4043-A9A6-C0C760AF7844}.Release|Any CPU.ActiveCfg = Release|Any CPU
		{D93F083B-1F4E-4043-A9A6-C0C760AF7844}.Release|Any CPU.Build.0 = Release|Any CPU
		{4E8D0DEF-B8FC-4BF5-86A2-F3B840C67447}.Debug|Any CPU.ActiveCfg = Debug|Any CPU
		{4E8D0DEF-B8FC-4BF5-86A2-F3B840C67447}.Debug|Any CPU.Build.0 = Debug|Any CPU
		{4E8D0DEF-B8FC-4BF5-86A2-F3B840C67447}.Release|Any CPU.ActiveCfg = Release|Any CPU
		{4E8D0DEF-B8FC-4BF5-86A2-F3B840C67447}.Release|Any CPU.Build.0 = Release|Any CPU
		{8F130F5D-A4A6-427A-B426-C706EE03870A}.Debug|Any CPU.ActiveCfg = Debug|Any CPU
		{8F130F5D-A4A6-427A-B426-C706EE03870A}.Debug|Any CPU.Build.0 = Debug|Any CPU
		{8F130F5D-A4A6-427A-B426-C706EE03870A}.Release|Any CPU.ActiveCfg = Release|Any CPU
		{8F130F5D-A4A6-427A-B426-C706EE03870A}.Release|Any CPU.Build.0 = Release|Any CPU
		{C13AE4CE-157D-44C6-A5DF-B970955ADFEA}.Debug|Any CPU.ActiveCfg = Debug|Any CPU
		{C13AE4CE-157D-44C6-A5DF-B970955ADFEA}.Debug|Any CPU.Build.0 = Debug|Any CPU
		{C13AE4CE-157D-44C6-A5DF-B970955ADFEA}.Release|Any CPU.ActiveCfg = Release|Any CPU
		{C13AE4CE-157D-44C6-A5DF-B970955ADFEA}.Release|Any CPU.Build.0 = Release|Any CPU
	EndGlobalSection
	GlobalSection(SolutionProperties) = preSolution
		HideSolutionNode = FALSE
	EndGlobalSection
	GlobalSection(NestedProjects) = preSolution
		{2797B8F9-566B-4028-AC7D-F9B60A6DDBFC} = {A2DE3033-A0F1-412B-9FF0-C150EF90C2B0}
		{99DE13C7-B961-43D7-925A-8419662B0168} = {A2DE3033-A0F1-412B-9FF0-C150EF90C2B0}
		{38C83E38-9CFB-4E1D-AC1E-9282CF5B4AF3} = {A2DE3033-A0F1-412B-9FF0-C150EF90C2B0}
		{CC27E08E-F3DD-47C2-A524-8E0C50AA89BE} = {59F1BDF9-2FFB-4EDB-8757-0B82B7E15074}
		{945D78E4-73E7-48B8-9086-2B682C35085C} = {6AB14D0D-085C-43C9-BFBB-5B89862E0A63}
		{86536C8B-393C-4570-8471-C786D0690655} = {A2DE3033-A0F1-412B-9FF0-C150EF90C2B0}
		{AAEA0CF3-87E5-443A-AF89-88EE9B0215FB} = {E5F69D32-49F9-407F-84CF-CAB8B0B5719E}
		{D334B6BB-C928-49A2-A665-411DC2BD7C69} = {A2DE3033-A0F1-412B-9FF0-C150EF90C2B0}
		{D0784D3B-9A78-496E-B6C4-7CFF87BA7CD7} = {E5F69D32-49F9-407F-84CF-CAB8B0B5719E}
		{A2DE3033-A0F1-412B-9FF0-C150EF90C2B0} = {6AB14D0D-085C-43C9-BFBB-5B89862E0A63}
		{E5F69D32-49F9-407F-84CF-CAB8B0B5719E} = {6AB14D0D-085C-43C9-BFBB-5B89862E0A63}
		{59F1BDF9-2FFB-4EDB-8757-0B82B7E15074} = {6AB14D0D-085C-43C9-BFBB-5B89862E0A63}
		{C28E6FD7-5869-4AEC-BCBE-88CC12BC7212} = {6AB14D0D-085C-43C9-BFBB-5B89862E0A63}
		{2A23D386-29B9-4BC1-947B-1F7AFB9E8D72} = {C28E6FD7-5869-4AEC-BCBE-88CC12BC7212}
		{9246BD60-2D07-4166-ABD9-C7A09C98D937} = {C28E6FD7-5869-4AEC-BCBE-88CC12BC7212}
		{1450E0D0-530B-4AFF-9FE9-BB630AB755D8} = {C28E6FD7-5869-4AEC-BCBE-88CC12BC7212}
		{7E331202-37D5-41FC-9311-B5FB70A7624F} = {C28E6FD7-5869-4AEC-BCBE-88CC12BC7212}
		{D34C5950-F49F-46E4-9208-CE944387A69C} = {C28E6FD7-5869-4AEC-BCBE-88CC12BC7212}
		{D93F083B-1F4E-4043-A9A6-C0C760AF7844} = {C28E6FD7-5869-4AEC-BCBE-88CC12BC7212}
		{4E8D0DEF-B8FC-4BF5-86A2-F3B840C67447} = {C28E6FD7-5869-4AEC-BCBE-88CC12BC7212}
		{8F130F5D-A4A6-427A-B426-C706EE03870A} = {C28E6FD7-5869-4AEC-BCBE-88CC12BC7212}
		{C13AE4CE-157D-44C6-A5DF-B970955ADFEA} = {C28E6FD7-5869-4AEC-BCBE-88CC12BC7212}
	EndGlobalSection
	GlobalSection(ExtensibilityGlobals) = postSolution
		SolutionGuid = {2E8EA375-1FF9-420C-A6AC-CBB14D5C3F00}
	EndGlobalSection
EndGlobal
